// !$*UTF8*$!
{
	archiveVersion = 1;
	classes = {
	};
	objectVersion = 55;
	objects = {

/* Begin PBXBuildFile section */
		9384D1F726F2DBB900697AED /* AppDelegate.swift in Sources */ = {isa = PBXBuildFile; fileRef = 9384D1F626F2DBB900697AED /* AppDelegate.swift */; };
		9384D1F926F2DBB900697AED /* SceneDelegate.swift in Sources */ = {isa = PBXBuildFile; fileRef = 9384D1F826F2DBB900697AED /* SceneDelegate.swift */; };
		9384D1FB26F2DBB900697AED /* ViewController.swift in Sources */ = {isa = PBXBuildFile; fileRef = 9384D1FA26F2DBB900697AED /* ViewController.swift */; };
		9384D1FE26F2DBB900697AED /* Main.storyboard in Resources */ = {isa = PBXBuildFile; fileRef = 9384D1FC26F2DBB900697AED /* Main.storyboard */; };
		9384D20026F2DBBA00697AED /* Assets.xcassets in Resources */ = {isa = PBXBuildFile; fileRef = 9384D1FF26F2DBBA00697AED /* Assets.xcassets */; };
		9384D20326F2DBBA00697AED /* LaunchScreen.storyboard in Resources */ = {isa = PBXBuildFile; fileRef = 9384D20126F2DBBA00697AED /* LaunchScreen.storyboard */; };
		9384D20E26F2DBBA00697AED /* _021_Food_Image_Anh_TranTests.swift in Sources */ = {isa = PBXBuildFile; fileRef = 9384D20D26F2DBBA00697AED /* _021_Food_Image_Anh_TranTests.swift */; };
		9384D21826F2DBBA00697AED /* _021_Food_Image_Anh_TranUITests.swift in Sources */ = {isa = PBXBuildFile; fileRef = 9384D21726F2DBBA00697AED /* _021_Food_Image_Anh_TranUITests.swift */; };
		9384D21A26F2DBBA00697AED /* _021_Food_Image_Anh_TranUITestsLaunchTests.swift in Sources */ = {isa = PBXBuildFile; fileRef = 9384D21926F2DBBA00697AED /* _021_Food_Image_Anh_TranUITestsLaunchTests.swift */; };
/* End PBXBuildFile section */

/* Begin PBXContainerItemProxy section */
		9384D20A26F2DBBA00697AED /* PBXContainerItemProxy */ = {
			isa = PBXContainerItemProxy;
			containerPortal = 9384D1EB26F2DBB900697AED /* Project object */;
			proxyType = 1;
			remoteGlobalIDString = 9384D1F226F2DBB900697AED;
			remoteInfo = "2021-Food-Image-Anh-Tran";
		};
		9384D21426F2DBBA00697AED /* PBXContainerItemProxy */ = {
			isa = PBXContainerItemProxy;
			containerPortal = 9384D1EB26F2DBB900697AED /* Project object */;
			proxyType = 1;
			remoteGlobalIDString = 9384D1F226F2DBB900697AED;
			remoteInfo = "2021-Food-Image-Anh-Tran";
		};
/* End PBXContainerItemProxy section */

/* Begin PBXFileReference section */
		9384D1F326F2DBB900697AED /* 2021-Food-Image-Anh-Tran.app */ = {isa = PBXFileReference; explicitFileType = wrapper.application; includeInIndex = 0; path = "2021-Food-Image-Anh-Tran.app"; sourceTree = BUILT_PRODUCTS_DIR; };
		9384D1F626F2DBB900697AED /* AppDelegate.swift */ = {isa = PBXFileReference; lastKnownFileType = sourcecode.swift; path = AppDelegate.swift; sourceTree = "<group>"; };
		9384D1F826F2DBB900697AED /* SceneDelegate.swift */ = {isa = PBXFileReference; lastKnownFileType = sourcecode.swift; path = SceneDelegate.swift; sourceTree = "<group>"; };
		9384D1FA26F2DBB900697AED /* ViewController.swift */ = {isa = PBXFileReference; lastKnownFileType = sourcecode.swift; path = ViewController.swift; sourceTree = "<group>"; };
		9384D1FD26F2DBB900697AED /* Base */ = {isa = PBXFileReference; lastKnownFileType = file.storyboard; name = Base; path = Base.lproj/Main.storyboard; sourceTree = "<group>"; };
		9384D1FF26F2DBBA00697AED /* Assets.xcassets */ = {isa = PBXFileReference; lastKnownFileType = folder.assetcatalog; path = Assets.xcassets; sourceTree = "<group>"; };
		9384D20226F2DBBA00697AED /* Base */ = {isa = PBXFileReference; lastKnownFileType = file.storyboard; name = Base; path = Base.lproj/LaunchScreen.storyboard; sourceTree = "<group>"; };
		9384D20426F2DBBA00697AED /* Info.plist */ = {isa = PBXFileReference; lastKnownFileType = text.plist.xml; path = Info.plist; sourceTree = "<group>"; };
		9384D20926F2DBBA00697AED /* 2021-Food-Image-Anh-TranTests.xctest */ = {isa = PBXFileReference; explicitFileType = wrapper.cfbundle; includeInIndex = 0; path = "2021-Food-Image-Anh-TranTests.xctest"; sourceTree = BUILT_PRODUCTS_DIR; };
		9384D20D26F2DBBA00697AED /* _021_Food_Image_Anh_TranTests.swift */ = {isa = PBXFileReference; lastKnownFileType = sourcecode.swift; path = _021_Food_Image_Anh_TranTests.swift; sourceTree = "<group>"; };
		9384D21326F2DBBA00697AED /* 2021-Food-Image-Anh-TranUITests.xctest */ = {isa = PBXFileReference; explicitFileType = wrapper.cfbundle; includeInIndex = 0; path = "2021-Food-Image-Anh-TranUITests.xctest"; sourceTree = BUILT_PRODUCTS_DIR; };
		9384D21726F2DBBA00697AED /* _021_Food_Image_Anh_TranUITests.swift */ = {isa = PBXFileReference; lastKnownFileType = sourcecode.swift; path = _021_Food_Image_Anh_TranUITests.swift; sourceTree = "<group>"; };
		9384D21926F2DBBA00697AED /* _021_Food_Image_Anh_TranUITestsLaunchTests.swift */ = {isa = PBXFileReference; lastKnownFileType = sourcecode.swift; path = _021_Food_Image_Anh_TranUITestsLaunchTests.swift; sourceTree = "<group>"; };
/* End PBXFileReference section */

/* Begin PBXFrameworksBuildPhase section */
		9384D1F026F2DBB900697AED /* Frameworks */ = {
			isa = PBXFrameworksBuildPhase;
			buildActionMask = 2147483647;
			files = (
			);
			runOnlyForDeploymentPostprocessing = 0;
		};
		9384D20626F2DBBA00697AED /* Frameworks */ = {
			isa = PBXFrameworksBuildPhase;
			buildActionMask = 2147483647;
			files = (
			);
			runOnlyForDeploymentPostprocessing = 0;
		};
		9384D21026F2DBBA00697AED /* Frameworks */ = {
			isa = PBXFrameworksBuildPhase;
			buildActionMask = 2147483647;
			files = (
			);
			runOnlyForDeploymentPostprocessing = 0;
		};
/* End PBXFrameworksBuildPhase section */

/* Begin PBXGroup section */
		9384D1EA26F2DBB900697AED = {
			isa = PBXGroup;
			children = (
				9384D1F526F2DBB900697AED /* 2021-Food-Image-Anh-Tran */,
				9384D20C26F2DBBA00697AED /* 2021-Food-Image-Anh-TranTests */,
				9384D21626F2DBBA00697AED /* 2021-Food-Image-Anh-TranUITests */,
				9384D1F426F2DBB900697AED /* Products */,
			);
			sourceTree = "<group>";
		};
		9384D1F426F2DBB900697AED /* Products */ = {
			isa = PBXGroup;
			children = (
				9384D1F326F2DBB900697AED /* 2021-Food-Image-Anh-Tran.app */,
				9384D20926F2DBBA00697AED /* 2021-Food-Image-Anh-TranTests.xctest */,
				9384D21326F2DBBA00697AED /* 2021-Food-Image-Anh-TranUITests.xctest */,
			);
			name = Products;
			sourceTree = "<group>";
		};
		9384D1F526F2DBB900697AED /* 2021-Food-Image-Anh-Tran */ = {
			isa = PBXGroup;
			children = (
				9384D1F626F2DBB900697AED /* AppDelegate.swift */,
				9384D1F826F2DBB900697AED /* SceneDelegate.swift */,
				9384D1FA26F2DBB900697AED /* ViewController.swift */,
				9384D1FC26F2DBB900697AED /* Main.storyboard */,
				9384D1FF26F2DBBA00697AED /* Assets.xcassets */,
				9384D20126F2DBBA00697AED /* LaunchScreen.storyboard */,
				9384D20426F2DBBA00697AED /* Info.plist */,
			);
			path = "2021-Food-Image-Anh-Tran";
			sourceTree = "<group>";
		};
		9384D20C26F2DBBA00697AED /* 2021-Food-Image-Anh-TranTests */ = {
			isa = PBXGroup;
			children = (
				9384D20D26F2DBBA00697AED /* _021_Food_Image_Anh_TranTests.swift */,
			);
			path = "2021-Food-Image-Anh-TranTests";
			sourceTree = "<group>";
		};
		9384D21626F2DBBA00697AED /* 2021-Food-Image-Anh-TranUITests */ = {
			isa = PBXGroup;
			children = (
				9384D21726F2DBBA00697AED /* _021_Food_Image_Anh_TranUITests.swift */,
				9384D21926F2DBBA00697AED /* _021_Food_Image_Anh_TranUITestsLaunchTests.swift */,
			);
			path = "2021-Food-Image-Anh-TranUITests";
			sourceTree = "<group>";
		};
/* End PBXGroup section */

/* Begin PBXNativeTarget section */
		9384D1F226F2DBB900697AED /* 2021-Food-Image-Anh-Tran */ = {
			isa = PBXNativeTarget;
			buildConfigurationList = 9384D21D26F2DBBA00697AED /* Build configuration list for PBXNativeTarget "2021-Food-Image-Anh-Tran" */;
			buildPhases = (
				9384D1EF26F2DBB900697AED /* Sources */,
				9384D1F026F2DBB900697AED /* Frameworks */,
				9384D1F126F2DBB900697AED /* Resources */,
			);
			buildRules = (
			);
			dependencies = (
			);
			name = "2021-Food-Image-Anh-Tran";
			productName = "2021-Food-Image-Anh-Tran";
			productReference = 9384D1F326F2DBB900697AED /* 2021-Food-Image-Anh-Tran.app */;
			productType = "com.apple.product-type.application";
		};
		9384D20826F2DBBA00697AED /* 2021-Food-Image-Anh-TranTests */ = {
			isa = PBXNativeTarget;
			buildConfigurationList = 9384D22026F2DBBA00697AED /* Build configuration list for PBXNativeTarget "2021-Food-Image-Anh-TranTests" */;
			buildPhases = (
				9384D20526F2DBBA00697AED /* Sources */,
				9384D20626F2DBBA00697AED /* Frameworks */,
				9384D20726F2DBBA00697AED /* Resources */,
			);
			buildRules = (
			);
			dependencies = (
				9384D20B26F2DBBA00697AED /* PBXTargetDependency */,
			);
			name = "2021-Food-Image-Anh-TranTests";
			productName = "2021-Food-Image-Anh-TranTests";
			productReference = 9384D20926F2DBBA00697AED /* 2021-Food-Image-Anh-TranTests.xctest */;
			productType = "com.apple.product-type.bundle.unit-test";
		};
		9384D21226F2DBBA00697AED /* 2021-Food-Image-Anh-TranUITests */ = {
			isa = PBXNativeTarget;
			buildConfigurationList = 9384D22326F2DBBA00697AED /* Build configuration list for PBXNativeTarget "2021-Food-Image-Anh-TranUITests" */;
			buildPhases = (
				9384D20F26F2DBBA00697AED /* Sources */,
				9384D21026F2DBBA00697AED /* Frameworks */,
				9384D21126F2DBBA00697AED /* Resources */,
			);
			buildRules = (
			);
			dependencies = (
				9384D21526F2DBBA00697AED /* PBXTargetDependency */,
			);
			name = "2021-Food-Image-Anh-TranUITests";
			productName = "2021-Food-Image-Anh-TranUITests";
			productReference = 9384D21326F2DBBA00697AED /* 2021-Food-Image-Anh-TranUITests.xctest */;
			productType = "com.apple.product-type.bundle.ui-testing";
		};
/* End PBXNativeTarget section */

/* Begin PBXProject section */
		9384D1EB26F2DBB900697AED /* Project object */ = {
			isa = PBXProject;
			attributes = {
				BuildIndependentTargetsInParallel = 1;
				LastSwiftUpdateCheck = 1300;
				LastUpgradeCheck = 1300;
				TargetAttributes = {
					9384D1F226F2DBB900697AED = {
						CreatedOnToolsVersion = 13.0;
					};
					9384D20826F2DBBA00697AED = {
						CreatedOnToolsVersion = 13.0;
						TestTargetID = 9384D1F226F2DBB900697AED;
					};
					9384D21226F2DBBA00697AED = {
						CreatedOnToolsVersion = 13.0;
						TestTargetID = 9384D1F226F2DBB900697AED;
					};
				};
			};
			buildConfigurationList = 9384D1EE26F2DBB900697AED /* Build configuration list for PBXProject "2021-Food-Image-Anh-Tran" */;
			compatibilityVersion = "Xcode 13.0";
			developmentRegion = en;
			hasScannedForEncodings = 0;
			knownRegions = (
				en,
				Base,
			);
			mainGroup = 9384D1EA26F2DBB900697AED;
			productRefGroup = 9384D1F426F2DBB900697AED /* Products */;
			projectDirPath = "";
			projectRoot = "";
			targets = (
				9384D1F226F2DBB900697AED /* 2021-Food-Image-Anh-Tran */,
				9384D20826F2DBBA00697AED /* 2021-Food-Image-Anh-TranTests */,
				9384D21226F2DBBA00697AED /* 2021-Food-Image-Anh-TranUITests */,
			);
		};
/* End PBXProject section */

/* Begin PBXResourcesBuildPhase section */
		9384D1F126F2DBB900697AED /* Resources */ = {
			isa = PBXResourcesBuildPhase;
			buildActionMask = 2147483647;
			files = (
				9384D20326F2DBBA00697AED /* LaunchScreen.storyboard in Resources */,
				9384D20026F2DBBA00697AED /* Assets.xcassets in Resources */,
				9384D1FE26F2DBB900697AED /* Main.storyboard in Resources */,
			);
			runOnlyForDeploymentPostprocessing = 0;
		};
		9384D20726F2DBBA00697AED /* Resources */ = {
			isa = PBXResourcesBuildPhase;
			buildActionMask = 2147483647;
			files = (
			);
			runOnlyForDeploymentPostprocessing = 0;
		};
		9384D21126F2DBBA00697AED /* Resources */ = {
			isa = PBXResourcesBuildPhase;
			buildActionMask = 2147483647;
			files = (
			);
			runOnlyForDeploymentPostprocessing = 0;
		};
/* End PBXResourcesBuildPhase section */

/* Begin PBXSourcesBuildPhase section */
		9384D1EF26F2DBB900697AED /* Sources */ = {
			isa = PBXSourcesBuildPhase;
			buildActionMask = 2147483647;
			files = (
				9384D1FB26F2DBB900697AED /* ViewController.swift in Sources */,
				9384D1F726F2DBB900697AED /* AppDelegate.swift in Sources */,
				9384D1F926F2DBB900697AED /* SceneDelegate.swift in Sources */,
			);
			runOnlyForDeploymentPostprocessing = 0;
		};
		9384D20526F2DBBA00697AED /* Sources */ = {
			isa = PBXSourcesBuildPhase;
			buildActionMask = 2147483647;
			files = (
				9384D20E26F2DBBA00697AED /* _021_Food_Image_Anh_TranTests.swift in Sources */,
			);
			runOnlyForDeploymentPostprocessing = 0;
		};
		9384D20F26F2DBBA00697AED /* Sources */ = {
			isa = PBXSourcesBuildPhase;
			buildActionMask = 2147483647;
			files = (
				9384D21826F2DBBA00697AED /* _021_Food_Image_Anh_TranUITests.swift in Sources */,
				9384D21A26F2DBBA00697AED /* _021_Food_Image_Anh_TranUITestsLaunchTests.swift in Sources */,
			);
			runOnlyForDeploymentPostprocessing = 0;
		};
/* End PBXSourcesBuildPhase section */

/* Begin PBXTargetDependency section */
		9384D20B26F2DBBA00697AED /* PBXTargetDependency */ = {
			isa = PBXTargetDependency;
			target = 9384D1F226F2DBB900697AED /* 2021-Food-Image-Anh-Tran */;
			targetProxy = 9384D20A26F2DBBA00697AED /* PBXContainerItemProxy */;
		};
		9384D21526F2DBBA00697AED /* PBXTargetDependency */ = {
			isa = PBXTargetDependency;
			target = 9384D1F226F2DBB900697AED /* 2021-Food-Image-Anh-Tran */;
			targetProxy = 9384D21426F2DBBA00697AED /* PBXContainerItemProxy */;
		};
/* End PBXTargetDependency section */

/* Begin PBXVariantGroup section */
		9384D1FC26F2DBB900697AED /* Main.storyboard */ = {
			isa = PBXVariantGroup;
			children = (
				9384D1FD26F2DBB900697AED /* Base */,
			);
			name = Main.storyboard;
			sourceTree = "<group>";
		};
		9384D20126F2DBBA00697AED /* LaunchScreen.storyboard */ = {
			isa = PBXVariantGroup;
			children = (
				9384D20226F2DBBA00697AED /* Base */,
			);
			name = LaunchScreen.storyboard;
			sourceTree = "<group>";
		};
/* End PBXVariantGroup section */

/* Begin XCBuildConfiguration section */
		9384D21B26F2DBBA00697AED /* Debug */ = {
			isa = XCBuildConfiguration;
			buildSettings = {
				ALWAYS_SEARCH_USER_PATHS = NO;
				CLANG_ANALYZER_NONNULL = YES;
				CLANG_ANALYZER_NUMBER_OBJECT_CONVERSION = YES_AGGRESSIVE;
				CLANG_CXX_LANGUAGE_STANDARD = "gnu++17";
				CLANG_CXX_LIBRARY = "libc++";
				CLANG_ENABLE_MODULES = YES;
				CLANG_ENABLE_OBJC_ARC = YES;
				CLANG_ENABLE_OBJC_WEAK = YES;
				CLANG_WARN_BLOCK_CAPTURE_AUTORELEASING = YES;
				CLANG_WARN_BOOL_CONVERSION = YES;
				CLANG_WARN_COMMA = YES;
				CLANG_WARN_CONSTANT_CONVERSION = YES;
				CLANG_WARN_DEPRECATED_OBJC_IMPLEMENTATIONS = YES;
				CLANG_WARN_DIRECT_OBJC_ISA_USAGE = YES_ERROR;
				CLANG_WARN_DOCUMENTATION_COMMENTS = YES;
				CLANG_WARN_EMPTY_BODY = YES;
				CLANG_WARN_ENUM_CONVERSION = YES;
				CLANG_WARN_INFINITE_RECURSION = YES;
				CLANG_WARN_INT_CONVERSION = YES;
				CLANG_WARN_NON_LITERAL_NULL_CONVERSION = YES;
				CLANG_WARN_OBJC_IMPLICIT_RETAIN_SELF = YES;
				CLANG_WARN_OBJC_LITERAL_CONVERSION = YES;
				CLANG_WARN_OBJC_ROOT_CLASS = YES_ERROR;
				CLANG_WARN_QUOTED_INCLUDE_IN_FRAMEWORK_HEADER = YES;
				CLANG_WARN_RANGE_LOOP_ANALYSIS = YES;
				CLANG_WARN_STRICT_PROTOTYPES = YES;
				CLANG_WARN_SUSPICIOUS_MOVE = YES;
				CLANG_WARN_UNGUARDED_AVAILABILITY = YES_AGGRESSIVE;
				CLANG_WARN_UNREACHABLE_CODE = YES;
				CLANG_WARN__DUPLICATE_METHOD_MATCH = YES;
				COPY_PHASE_STRIP = NO;
				DEBUG_INFORMATION_FORMAT = dwarf;
				ENABLE_STRICT_OBJC_MSGSEND = YES;
				ENABLE_TESTABILITY = YES;
				GCC_C_LANGUAGE_STANDARD = gnu11;
				GCC_DYNAMIC_NO_PIC = NO;
				GCC_NO_COMMON_BLOCKS = YES;
				GCC_OPTIMIZATION_LEVEL = 0;
				GCC_PREPROCESSOR_DEFINITIONS = (
					"DEBUG=1",
					"$(inherited)",
				);
				GCC_WARN_64_TO_32_BIT_CONVERSION = YES;
				GCC_WARN_ABOUT_RETURN_TYPE = YES_ERROR;
				GCC_WARN_UNDECLARED_SELECTOR = YES;
				GCC_WARN_UNINITIALIZED_AUTOS = YES_AGGRESSIVE;
				GCC_WARN_UNUSED_FUNCTION = YES;
				GCC_WARN_UNUSED_VARIABLE = YES;
				IPHONEOS_DEPLOYMENT_TARGET = 15.0;
				MTL_ENABLE_DEBUG_INFO = INCLUDE_SOURCE;
				MTL_FAST_MATH = YES;
				ONLY_ACTIVE_ARCH = YES;
				SDKROOT = iphoneos;
				SWIFT_ACTIVE_COMPILATION_CONDITIONS = DEBUG;
				SWIFT_OPTIMIZATION_LEVEL = "-Onone";
			};
			name = Debug;
		};
		9384D21C26F2DBBA00697AED /* Release */ = {
			isa = XCBuildConfiguration;
			buildSettings = {
				ALWAYS_SEARCH_USER_PATHS = NO;
				CLANG_ANALYZER_NONNULL = YES;
				CLANG_ANALYZER_NUMBER_OBJECT_CONVERSION = YES_AGGRESSIVE;
				CLANG_CXX_LANGUAGE_STANDARD = "gnu++17";
				CLANG_CXX_LIBRARY = "libc++";
				CLANG_ENABLE_MODULES = YES;
				CLANG_ENABLE_OBJC_ARC = YES;
				CLANG_ENABLE_OBJC_WEAK = YES;
				CLANG_WARN_BLOCK_CAPTURE_AUTORELEASING = YES;
				CLANG_WARN_BOOL_CONVERSION = YES;
				CLANG_WARN_COMMA = YES;
				CLANG_WARN_CONSTANT_CONVERSION = YES;
				CLANG_WARN_DEPRECATED_OBJC_IMPLEMENTATIONS = YES;
				CLANG_WARN_DIRECT_OBJC_ISA_USAGE = YES_ERROR;
				CLANG_WARN_DOCUMENTATION_COMMENTS = YES;
				CLANG_WARN_EMPTY_BODY = YES;
				CLANG_WARN_ENUM_CONVERSION = YES;
				CLANG_WARN_INFINITE_RECURSION = YES;
				CLANG_WARN_INT_CONVERSION = YES;
				CLANG_WARN_NON_LITERAL_NULL_CONVERSION = YES;
				CLANG_WARN_OBJC_IMPLICIT_RETAIN_SELF = YES;
				CLANG_WARN_OBJC_LITERAL_CONVERSION = YES;
				CLANG_WARN_OBJC_ROOT_CLASS = YES_ERROR;
				CLANG_WARN_QUOTED_INCLUDE_IN_FRAMEWORK_HEADER = YES;
				CLANG_WARN_RANGE_LOOP_ANALYSIS = YES;
				CLANG_WARN_STRICT_PROTOTYPES = YES;
				CLANG_WARN_SUSPICIOUS_MOVE = YES;
				CLANG_WARN_UNGUARDED_AVAILABILITY = YES_AGGRESSIVE;
				CLANG_WARN_UNREACHABLE_CODE = YES;
				CLANG_WARN__DUPLICATE_METHOD_MATCH = YES;
				COPY_PHASE_STRIP = NO;
				DEBUG_INFORMATION_FORMAT = "dwarf-with-dsym";
				ENABLE_NS_ASSERTIONS = NO;
				ENABLE_STRICT_OBJC_MSGSEND = YES;
				GCC_C_LANGUAGE_STANDARD = gnu11;
				GCC_NO_COMMON_BLOCKS = YES;
				GCC_WARN_64_TO_32_BIT_CONVERSION = YES;
				GCC_WARN_ABOUT_RETURN_TYPE = YES_ERROR;
				GCC_WARN_UNDECLARED_SELECTOR = YES;
				GCC_WARN_UNINITIALIZED_AUTOS = YES_AGGRESSIVE;
				GCC_WARN_UNUSED_FUNCTION = YES;
				GCC_WARN_UNUSED_VARIABLE = YES;
				IPHONEOS_DEPLOYMENT_TARGET = 15.0;
				MTL_ENABLE_DEBUG_INFO = NO;
				MTL_FAST_MATH = YES;
				SDKROOT = iphoneos;
				SWIFT_COMPILATION_MODE = wholemodule;
				SWIFT_OPTIMIZATION_LEVEL = "-O";
				VALIDATE_PRODUCT = YES;
			};
			name = Release;
		};
		9384D21E26F2DBBA00697AED /* Debug */ = {
			isa = XCBuildConfiguration;
			buildSettings = {
				ASSETCATALOG_COMPILER_APPICON_NAME = AppIcon;
				ASSETCATALOG_COMPILER_GLOBAL_ACCENT_COLOR_NAME = AccentColor;
				CODE_SIGN_STYLE = Automatic;
				CURRENT_PROJECT_VERSION = 1;
				DEVELOPMENT_TEAM = X49L8C24X9;
				GENERATE_INFOPLIST_FILE = YES;
				INFOPLIST_FILE = "2021-Food-Image-Anh-Tran/Info.plist";
				INFOPLIST_KEY_UIApplicationSupportsIndirectInputEvents = YES;
				INFOPLIST_KEY_UILaunchStoryboardName = LaunchScreen;
				INFOPLIST_KEY_UIMainStoryboardFile = Main;
				INFOPLIST_KEY_UISupportedInterfaceOrientations_iPad = "UIInterfaceOrientationPortrait UIInterfaceOrientationPortraitUpsideDown UIInterfaceOrientationLandscapeLeft UIInterfaceOrientationLandscapeRight";
				INFOPLIST_KEY_UISupportedInterfaceOrientations_iPhone = "UIInterfaceOrientationPortrait UIInterfaceOrientationLandscapeLeft UIInterfaceOrientationLandscapeRight";
				LD_RUNPATH_SEARCH_PATHS = (
					"$(inherited)",
					"@executable_path/Frameworks",
				);
				MARKETING_VERSION = 1.0;
				PRODUCT_BUNDLE_IDENTIFIER = "Atransf.-021-Food-Image-Anh-Tran";
				PRODUCT_NAME = "$(TARGET_NAME)";
				SWIFT_EMIT_LOC_STRINGS = YES;
				SWIFT_VERSION = 5.0;
				TARGETED_DEVICE_FAMILY = "1,2";
			};
			name = Debug;
		};
		9384D21F26F2DBBA00697AED /* Release */ = {
			isa = XCBuildConfiguration;
			buildSettings = {
				ASSETCATALOG_COMPILER_APPICON_NAME = AppIcon;
				ASSETCATALOG_COMPILER_GLOBAL_ACCENT_COLOR_NAME = AccentColor;
				CODE_SIGN_STYLE = Automatic;
				CURRENT_PROJECT_VERSION = 1;
				DEVELOPMENT_TEAM = X49L8C24X9;
				GENERATE_INFOPLIST_FILE = YES;
				INFOPLIST_FILE = "2021-Food-Image-Anh-Tran/Info.plist";
				INFOPLIST_KEY_UIApplicationSupportsIndirectInputEvents = YES;
				INFOPLIST_KEY_UILaunchStoryboardName = LaunchScreen;
				INFOPLIST_KEY_UIMainStoryboardFile = Main;
				INFOPLIST_KEY_UISupportedInterfaceOrientations_iPad = "UIInterfaceOrientationPortrait UIInterfaceOrientationPortraitUpsideDown UIInterfaceOrientationLandscapeLeft UIInterfaceOrientationLandscapeRight";
				INFOPLIST_KEY_UISupportedInterfaceOrientations_iPhone = "UIInterfaceOrientationPortrait UIInterfaceOrientationLandscapeLeft UIInterfaceOrientationLandscapeRight";
				LD_RUNPATH_SEARCH_PATHS = (
					"$(inherited)",
					"@executable_path/Frameworks",
				);
				MARKETING_VERSION = 1.0;
				PRODUCT_BUNDLE_IDENTIFIER = "Atransf.-021-Food-Image-Anh-Tran";
				PRODUCT_NAME = "$(TARGET_NAME)";
				SWIFT_EMIT_LOC_STRINGS = YES;
				SWIFT_VERSION = 5.0;
				TARGETED_DEVICE_FAMILY = "1,2";
			};
			name = Release;
		};
		9384D22126F2DBBA00697AED /* Debug */ = {
			isa = XCBuildConfiguration;
			buildSettings = {
				ALWAYS_EMBED_SWIFT_STANDARD_LIBRARIES = YES;
				BUNDLE_LOADER = "$(TEST_HOST)";
				CODE_SIGN_STYLE = Automatic;
				CURRENT_PROJECT_VERSION = 1;
				DEVELOPMENT_TEAM = X49L8C24X9;
				GENERATE_INFOPLIST_FILE = YES;
				IPHONEOS_DEPLOYMENT_TARGET = 15.0;
				LD_RUNPATH_SEARCH_PATHS = (
					"$(inherited)",
					"@executable_path/Frameworks",
					"@loader_path/Frameworks",
				);
				MARKETING_VERSION = 1.0;
				PRODUCT_BUNDLE_IDENTIFIER = "Atransf.-021-Food-Image-Anh-TranTests";
				PRODUCT_NAME = "$(TARGET_NAME)";
				SWIFT_EMIT_LOC_STRINGS = NO;
				SWIFT_VERSION = 5.0;
				TARGETED_DEVICE_FAMILY = "1,2";
				TEST_HOST = "$(BUILT_PRODUCTS_DIR)/2021-Food-Image-Anh-Tran.app/2021-Food-Image-Anh-Tran";
			};
			name = Debug;
		};
		9384D22226F2DBBA00697AED /* Release */ = {
			isa = XCBuildConfiguration;
			buildSettings = {
				ALWAYS_EMBED_SWIFT_STANDARD_LIBRARIES = YES;
				BUNDLE_LOADER = "$(TEST_HOST)";
				CODE_SIGN_STYLE = Automatic;
				CURRENT_PROJECT_VERSION = 1;
				DEVELOPMENT_TEAM = X49L8C24X9;
				GENERATE_INFOPLIST_FILE = YES;
				IPHONEOS_DEPLOYMENT_TARGET = 15.0;
				LD_RUNPATH_SEARCH_PATHS = (
					"$(inherited)",
					"@executable_path/Frameworks",
					"@loader_path/Frameworks",
				);
				MARKETING_VERSION = 1.0;
				PRODUCT_BUNDLE_IDENTIFIER = "Atransf.-021-Food-Image-Anh-TranTests";
				PRODUCT_NAME = "$(TARGET_NAME)";
				SWIFT_EMIT_LOC_STRINGS = NO;
				SWIFT_VERSION = 5.0;
				TARGETED_DEVICE_FAMILY = "1,2";
				TEST_HOST = "$(BUILT_PRODUCTS_DIR)/2021-Food-Image-Anh-Tran.app/2021-Food-Image-Anh-Tran";
			};
			name = Release;
		};
		9384D22426F2DBBA00697AED /* Debug */ = {
			isa = XCBuildConfiguration;
			buildSettings = {
				ALWAYS_EMBED_SWIFT_STANDARD_LIBRARIES = YES;
				CODE_SIGN_STYLE = Automatic;
				CURRENT_PROJECT_VERSION = 1;
				DEVELOPMENT_TEAM = X49L8C24X9;
				GENERATE_INFOPLIST_FILE = YES;
				LD_RUNPATH_SEARCH_PATHS = (
					"$(inherited)",
					"@executable_path/Frameworks",
					"@loader_path/Frameworks",
				);
				MARKETING_VERSION = 1.0;
				PRODUCT_BUNDLE_IDENTIFIER = "Atransf.-021-Food-Image-Anh-TranUITests";
				PRODUCT_NAME = "$(TARGET_NAME)";
				SWIFT_EMIT_LOC_STRINGS = NO;
				SWIFT_VERSION = 5.0;
				TARGETED_DEVICE_FAMILY = "1,2";
				TEST_TARGET_NAME = "2021-Food-Image-Anh-Tran";
			};
			name = Debug;
		};
		9384D22526F2DBBA00697AED /* Release */ = {
			isa = XCBuildConfiguration;
			buildSettings = {
				ALWAYS_EMBED_SWIFT_STANDARD_LIBRARIES = YES;
				CODE_SIGN_STYLE = Automatic;
				CURRENT_PROJECT_VERSION = 1;
				DEVELOPMENT_TEAM = X49L8C24X9;
				GENERATE_INFOPLIST_FILE = YES;
				LD_RUNPATH_SEARCH_PATHS = (
					"$(inherited)",
					"@executable_path/Frameworks",
					"@loader_path/Frameworks",
				);
				MARKETING_VERSION = 1.0;
				PRODUCT_BUNDLE_IDENTIFIER = "Atransf.-021-Food-Image-Anh-TranUITests";
				PRODUCT_NAME = "$(TARGET_NAME)";
				SWIFT_EMIT_LOC_STRINGS = NO;
				SWIFT_VERSION = 5.0;
				TARGETED_DEVICE_FAMILY = "1,2";
				TEST_TARGET_NAME = "2021-Food-Image-Anh-Tran";
			};
			name = Release;
		};
/* End XCBuildConfiguration section */

/* Begin XCConfigurationList section */
		9384D1EE26F2DBB900697AED /* Build configuration list for PBXProject "2021-Food-Image-Anh-Tran" */ = {
			isa = XCConfigurationList;
			buildConfigurations = (
				9384D21B26F2DBBA00697AED /* Debug */,
				9384D21C26F2DBBA00697AED /* Release */,
			);
			defaultConfigurationIsVisible = 0;
			defaultConfigurationName = Release;
		};
		9384D21D26F2DBBA00697AED /* Build configuration list for PBXNativeTarget "2021-Food-Image-Anh-Tran" */ = {
			isa = XCConfigurationList;
			buildConfigurations = (
				9384D21E26F2DBBA00697AED /* Debug */,
				9384D21F26F2DBBA00697AED /* Release */,
			);
			defaultConfigurationIsVisible = 0;
			defaultConfigurationName = Release;
		};
		9384D22026F2DBBA00697AED /* Build configuration list for PBXNativeTarget "2021-Food-Image-Anh-TranTests" */ = {
			isa = XCConfigurationList;
			buildConfigurations = (
				9384D22126F2DBBA00697AED /* Debug */,
				9384D22226F2DBBA00697AED /* Release */,
			);
			defaultConfigurationIsVisible = 0;
			defaultConfigurationName = Release;
		};
		9384D22326F2DBBA00697AED /* Build configuration list for PBXNativeTarget "2021-Food-Image-Anh-TranUITests" */ = {
			isa = XCConfigurationList;
			buildConfigurations = (
				9384D22426F2DBBA00697AED /* Debug */,
				9384D22526F2DBBA00697AED /* Release */,
			);
			defaultConfigurationIsVisible = 0;
			defaultConfigurationName = Release;
		};
/* End XCConfigurationList section */
	};
	rootObject = 9384D1EB26F2DBB900697AED /* Project object */;
}
